Microsoft Visual Studio Solution File, Format Version 11.00
# Visual Studio 2008

Project("{380076A9-C041-F014-444C-C850BA7719F4}") = "VRJam", "Assembly-CSharp-firstpass.csproj", "{DA7A8613-2244-C55E-A17B-F9B6F3D537DF}"
EndProject
Project("{380076A9-C041-F014-444C-C850BA7719F4}") = "VRJam", "Assembly-CSharp.csproj", "{BA5F1369-D651-EE46-4796-4319FC82A69F}"
EndProject
Project("{380076A9-C041-F014-444C-C850BA7719F4}") = "VRJam", "Assembly-CSharp-Editor.csproj", "{B4B2DBEF-8AFB-831E-5D8D-713EA449FB8E}"
EndProject
Project("{380076A9-C041-F014-444C-C850BA7719F4}") = "VRJam", "Assembly-UnityScript-firstpass.unityproj", "{559FF0CC-C95E-7C81-3F61-9750E338F550}"
EndProject
Global
	GlobalSection(SolutionConfigurationPlatforms) = preSolution
		Debug|Any CPU = Debug|Any CPU
		Release|Any CPU = Release|Any CPU
	EndGlobalSection
	GlobalSection(ProjectConfigurationPlatforms) = postSolution
		{DA7A8613-2244-C55E-A17B-F9B6F3D537DF}.Debug|Any CPU.ActiveCfg = Debug|Any CPU
		{DA7A8613-2244-C55E-A17B-F9B6F3D537DF}.Debug|Any CPU.Build.0 = Debug|Any CPU
		{DA7A8613-2244-C55E-A17B-F9B6F3D537DF}.Release|Any CPU.ActiveCfg = Release|Any CPU
		{DA7A8613-2244-C55E-A17B-F9B6F3D537DF}.Release|Any CPU.Build.0 = Release|Any CPU
		{BA5F1369-D651-EE46-4796-4319FC82A69F}.Debug|Any CPU.ActiveCfg = Debug|Any CPU
		{BA5F1369-D651-EE46-4796-4319FC82A69F}.Debug|Any CPU.Build.0 = Debug|Any CPU
		{BA5F1369-D651-EE46-4796-4319FC82A69F}.Release|Any CPU.ActiveCfg = Release|Any CPU
		{BA5F1369-D651-EE46-4796-4319FC82A69F}.Release|Any CPU.Build.0 = Release|Any CPU
		{B4B2DBEF-8AFB-831E-5D8D-713EA449FB8E}.Debug|Any CPU.ActiveCfg = Debug|Any CPU
		{B4B2DBEF-8AFB-831E-5D8D-713EA449FB8E}.Debug|Any CPU.Build.0 = Debug|Any CPU
		{B4B2DBEF-8AFB-831E-5D8D-713EA449FB8E}.Release|Any CPU.ActiveCfg = Release|Any CPU
		{B4B2DBEF-8AFB-831E-5D8D-713EA449FB8E}.Release|Any CPU.Build.0 = Release|Any CPU
		{559FF0CC-C95E-7C81-3F61-9750E338F550}.Debug|Any CPU.ActiveCfg = Debug|Any CPU
		{559FF0CC-C95E-7C81-3F61-9750E338F550}.Debug|Any CPU.Build.0 = Debug|Any CPU
		{559FF0CC-C95E-7C81-3F61-9750E338F550}.Release|Any CPU.ActiveCfg = Release|Any CPU
		{559FF0CC-C95E-7C81-3F61-9750E338F550}.Release|Any CPU.Build.0 = Release|Any CPU
	EndGlobalSection
	GlobalSection(SolutionProperties) = preSolution
		HideSolutionNode = FALSE
	EndGlobalSection
																										GlobalSection(MonoDevelopProperties) = preSolution
		StartupItem = Assembly-CSharp.csproj
		Policies = $0
		$0.TextStylePolicy = $1
		$1.inheritsSet = null
		$1.scope = text/x-csharp
		$0.CSharpFormattingPolicy = $2
		$2.inheritsSet = Mono
		$2.inheritsScope = text/x-csharp
		$2.scope = text/x-csharp
		$0.TextStylePolicy = $3
		$3.FileWidth = 120
		$3.TabWidth = 4
		$3.EolMarker = Unix
		$3.inheritsSet = Mono
		$3.inheritsScope = text/plain
		$3.scope = text/plain
	EndGlobalSection

EndGlobal
